
Microsoft Visual Studio Solution File, Format Version 12.00
# Visual Studio Version 17
VisualStudioVersion = 17.9.34607.119
MinimumVisualStudioVersion = 10.0.40219.1
Project("{FAE04EC0-301F-11D3-BF4B-00C04F79EFBC}") = "Guia2_MS24030_Ej4", "Guia2_MS24030_Ej4\Guia2_MS24030_Ej4.csproj", "{C1912AB2-03D8-4B65-A31D-CC80F71F34F9}"
EndProject
Project("{FAE04EC0-301F-11D3-BF4B-00C04F79EFBC}") = "MS24030_Guia3_Ej1", "MS24030_Guia3_Ej1\MS24030_Guia3_Ej1.csproj", "{807BFC8E-7DD5-44AE-8AF2-10B61FD429D8}"
EndProject
Project("{FAE04EC0-301F-11D3-BF4B-00C04F79EFBC}") = "MS24030_Guia3_Ej2", "MS24030_Guia3_Ej2\MS24030_Guia3_Ej2.csproj", "{FB7817E3-636E-4DA4-A9FE-14AD2EFE7954}"
EndProject
Global
	GlobalSection(SolutionConfigurationPlatforms) = preSolution
		Debug|Any CPU = Debug|Any CPU
		Release|Any CPU = Release|Any CPU
	EndGlobalSection
	GlobalSection(ProjectConfigurationPlatforms) = postSolution
		{C1912AB2-03D8-4B65-A31D-CC80F71F34F9}.Debug|Any CPU.ActiveCfg = Debug|Any CPU
		{C1912AB2-03D8-4B65-A31D-CC80F71F34F9}.Debug|Any CPU.Build.0 = Debug|Any CPU
		{C1912AB2-03D8-4B65-A31D-CC80F71F34F9}.Release|Any CPU.ActiveCfg = Release|Any CPU
		{C1912AB2-03D8-4B65-A31D-CC80F71F34F9}.Release|Any CPU.Build.0 = Release|Any CPU
		{807BFC8E-7DD5-44AE-8AF2-10B61FD429D8}.Debug|Any CPU.ActiveCfg = Debug|Any CPU
		{807BFC8E-7DD5-44AE-8AF2-10B61FD429D8}.Debug|Any CPU.Build.0 = Debug|Any CPU
		{807BFC8E-7DD5-44AE-8AF2-10B61FD429D8}.Release|Any CPU.ActiveCfg = Release|Any CPU
		{807BFC8E-7DD5-44AE-8AF2-10B61FD429D8}.Release|Any CPU.Build.0 = Release|Any CPU
		{FB7817E3-636E-4DA4-A9FE-14AD2EFE7954}.Debug|Any CPU.ActiveCfg = Debug|Any CPU
		{FB7817E3-636E-4DA4-A9FE-14AD2EFE7954}.Debug|Any CPU.Build.0 = Debug|Any CPU
		{FB7817E3-636E-4DA4-A9FE-14AD2EFE7954}.Release|Any CPU.ActiveCfg = Release|Any CPU
		{FB7817E3-636E-4DA4-A9FE-14AD2EFE7954}.Release|Any CPU.Build.0 = Release|Any CPU
	EndGlobalSection
	GlobalSection(SolutionProperties) = preSolution
		HideSolutionNode = FALSE
	EndGlobalSection
	GlobalSection(ExtensibilityGlobals) = postSolution
		SolutionGuid = {953E0B7F-DB36-4B87-A2DC-40DB63668EE2}
	EndGlobalSection
EndGlobal
