
Microsoft Visual Studio Solution File, Format Version 12.00
# Visual Studio Version 17
VisualStudioVersion = 17.9.34607.119
MinimumVisualStudioVersion = 10.0.40219.1
Project("{FAE04EC0-301F-11D3-BF4B-00C04F79EFBC}") = "Guia 4 PI", "Guia 4 PI\Guia 4 PI.csproj", "{57AA9F3E-E319-4B63-A675-CAC5E8AD5F5D}"
EndProject
Global
	GlobalSection(SolutionConfigurationPlatforms) = preSolution
		Debug|Any CPU = Debug|Any CPU
		Release|Any CPU = Release|Any CPU
	EndGlobalSection
	GlobalSection(ProjectConfigurationPlatforms) = postSolution
		{57AA9F3E-E319-4B63-A675-CAC5E8AD5F5D}.Debug|Any CPU.ActiveCfg = Debug|Any CPU
		{57AA9F3E-E319-4B63-A675-CAC5E8AD5F5D}.Debug|Any CPU.Build.0 = Debug|Any CPU
		{57AA9F3E-E319-4B63-A675-CAC5E8AD5F5D}.Release|Any CPU.ActiveCfg = Release|Any CPU
		{57AA9F3E-E319-4B63-A675-CAC5E8AD5F5D}.Release|Any CPU.Build.0 = Release|Any CPU
	EndGlobalSection
	GlobalSection(SolutionProperties) = preSolution
		HideSolutionNode = FALSE
	EndGlobalSection
	GlobalSection(ExtensibilityGlobals) = postSolution
		SolutionGuid = {9B549D7B-7D58-4D4E-99B4-E3154CA87D3A}
	EndGlobalSection
EndGlobal
