
Microsoft Visual Studio Solution File, Format Version 12.00
# Visual Studio Version 17
VisualStudioVersion = 17.9.34607.119
MinimumVisualStudioVersion = 10.0.40219.1
Project("{FAE04EC0-301F-11D3-BF4B-00C04F79EFBC}") = "MS24030_Guia3_Ej1", "MS24030_Guia3_Ej1\MS24030_Guia3_Ej1.csproj", "{A1FAC28B-FC92-4B21-A9B0-11FFF6B4FCBC}"
EndProject
Global
	GlobalSection(SolutionConfigurationPlatforms) = preSolution
		Debug|Any CPU = Debug|Any CPU
		Release|Any CPU = Release|Any CPU
	EndGlobalSection
	GlobalSection(ProjectConfigurationPlatforms) = postSolution
		{A1FAC28B-FC92-4B21-A9B0-11FFF6B4FCBC}.Debug|Any CPU.ActiveCfg = Debug|Any CPU
		{A1FAC28B-FC92-4B21-A9B0-11FFF6B4FCBC}.Debug|Any CPU.Build.0 = Debug|Any CPU
		{A1FAC28B-FC92-4B21-A9B0-11FFF6B4FCBC}.Release|Any CPU.ActiveCfg = Release|Any CPU
		{A1FAC28B-FC92-4B21-A9B0-11FFF6B4FCBC}.Release|Any CPU.Build.0 = Release|Any CPU
	EndGlobalSection
	GlobalSection(SolutionProperties) = preSolution
		HideSolutionNode = FALSE
	EndGlobalSection
	GlobalSection(ExtensibilityGlobals) = postSolution
		SolutionGuid = {97EB1D35-5AE5-4669-84CF-06D878050702}
	EndGlobalSection
EndGlobal
